DEPENDENCIES
  database (~> 6.1)
  httpd (~> 0.6)
  lamp
    path: .
    metadata: true
  mysql (~> 8.5)
  mysql2_chef_gem (~> 2.1)

GRAPH
  apt (7.0.0)
  build-essential (8.2.0)
    mingw (>= 1.1)
    seven_zip (>= 0.0.0)
  database (6.1.1)
    postgresql (>= 1.0.0)
  httpd (0.6.2)
  inifile_chef_gem (0.1.0)
    build-essential (>= 0.0.0)
  lamp (0.1.0)
    database (~> 6.1)
    httpd (~> 0.6)
    mysql (~> 8.5)
    mysql2_chef_gem (~> 2.1)
  mariadb (1.5.4)
    apt (>= 0.0.0)
    build-essential (>= 0.0.0)
    selinux_policy (~> 2.0)
    yum (>= 0.0.0)
    yum-epel (>= 0.0.0)
    yum-scl (>= 0.0.0)
  mingw (2.1.0)
    seven_zip (>= 0.0.0)
  mysql (8.5.1)
  mysql2_chef_gem (2.1.0)
    build-essential (>= 2.4.0)
    mariadb (>= 0.0.0)
    mysql (>= 8.2.0)
  openssl (8.5.4)
  postgresql (7.1.0)
    build-essential (>= 2.0.0)
    openssl (>= 4.0)
  selinux_policy (2.1.0)
  seven_zip (3.0.0)
    windows (>= 0.0.0)
  windows (5.1.0)
  yum (5.1.0)
  yum-epel (3.2.0)
  yum-scl (0.2.0)
    inifile_chef_gem (>= 0.0.0)
    yum (>= 0.0.0)
